
Microsoft Visual Studio Solution File, Format Version 12.00
# Visual Studio Version 17
VisualStudioVersion = 17.12.35521.163
MinimumVisualStudioVersion = 10.0.40219.1
Project("{FAE04EC0-301F-11D3-BF4B-00C04F79EFBC}") = "CalculatorVMA", "Tyuiu.VazheninaMA.Lab4\CalculatorVMA.csproj", "{69296AC5-F78D-4BFB-83C2-DBBCC8E0B8EF}"
EndProject
Project("{2150E333-8FDC-42A3-9474-1A3956D46DE8}") = "Lab4", "Lab4", "{DF535034-91FA-4E51-B94D-F50EABBF3E2D}"
EndProject
Project("{FAE04EC0-301F-11D3-BF4B-00C04F79EFBC}") = "ArithmeticCalc.Lib", "ArithmeticCalc.Lib\ArithmeticCalc.Lib.csproj", "{D87E3BFC-C363-4DA4-A5E5-AE3C27F43A27}"
EndProject
Project("{FAE04EC0-301F-11D3-BF4B-00C04F79EFBC}") = "ArithmeticCalc.Test", "ArithmeticCalc.Test\ArithmeticCalc.Test.csproj", "{B3D0A606-AF4D-45AB-954C-2BC19C1EE214}"
EndProject
Project("{FAE04EC0-301F-11D3-BF4B-00C04F79EFBC}") = "ConversionCalc.Lib", "ConversionCalc.Lib\ConversionCalc.Lib.csproj", "{303DE336-2EF4-4494-91D7-466BA020B2C0}"
EndProject
Project("{FAE04EC0-301F-11D3-BF4B-00C04F79EFBC}") = "ConversionCalc.Test", "ConversionCalc.Test\ConversionCalc.Test.csproj", "{C366AC17-8AA7-4409-8F35-6E143221D9BC}"
EndProject
Project("{FAE04EC0-301F-11D3-BF4B-00C04F79EFBC}") = "OrdinaryCalc.Lib", "OrdinaryCalc.Lib\OrdinaryCalc.Lib.csproj", "{4B3E6AC6-B1CB-4F2C-91BC-C363D0828C80}"
EndProject
Project("{FAE04EC0-301F-11D3-BF4B-00C04F79EFBC}") = "OrdinaryCalc.Test", "OrdinaryCalc.Test\OrdinaryCalc.Test.csproj", "{04BCB472-1EBC-45E8-9A03-ECEB6ECE7620}"
EndProject
Project("{FAE04EC0-301F-11D3-BF4B-00C04F79EFBC}") = "WaterInTakeCalc.Lib", "WaterInTakeCalc.Lib\WaterInTakeCalc.Lib.csproj", "{495F843A-7044-4ABF-A597-8D8F75DBB2D3}"
EndProject
Project("{FAE04EC0-301F-11D3-BF4B-00C04F79EFBC}") = "WaterInTakeCalc.Test", "WaterInTakeCalc.Test\WaterInTakeCalc.Test.csproj", "{39CCD345-0BA1-4501-84A1-D4078638A393}"
EndProject
Project("{FAE04EC0-301F-11D3-BF4B-00C04F79EFBC}") = "ConversionCalcFormVMA", "ConversionCalcFormVMA\ConversionCalcFormVMA.csproj", "{B8740A1E-F110-41CD-A778-A5405D3860FA}"
EndProject
Project("{FAE04EC0-301F-11D3-BF4B-00C04F79EFBC}") = "WaterInTakeCalcFormVMA", "WaterInTakeFormVMA\WaterInTakeCalcFormVMA.csproj", "{288F9871-AA68-4688-9A61-A480726C699D}"
EndProject
Global
	GlobalSection(SolutionConfigurationPlatforms) = preSolution
		Debug|Any CPU = Debug|Any CPU
		Release|Any CPU = Release|Any CPU
	EndGlobalSection
	GlobalSection(ProjectConfigurationPlatforms) = postSolution
		{69296AC5-F78D-4BFB-83C2-DBBCC8E0B8EF}.Debug|Any CPU.ActiveCfg = Debug|Any CPU
		{69296AC5-F78D-4BFB-83C2-DBBCC8E0B8EF}.Debug|Any CPU.Build.0 = Debug|Any CPU
		{69296AC5-F78D-4BFB-83C2-DBBCC8E0B8EF}.Release|Any CPU.ActiveCfg = Release|Any CPU
		{69296AC5-F78D-4BFB-83C2-DBBCC8E0B8EF}.Release|Any CPU.Build.0 = Release|Any CPU
		{D87E3BFC-C363-4DA4-A5E5-AE3C27F43A27}.Debug|Any CPU.ActiveCfg = Debug|Any CPU
		{D87E3BFC-C363-4DA4-A5E5-AE3C27F43A27}.Debug|Any CPU.Build.0 = Debug|Any CPU
		{D87E3BFC-C363-4DA4-A5E5-AE3C27F43A27}.Release|Any CPU.ActiveCfg = Release|Any CPU
		{D87E3BFC-C363-4DA4-A5E5-AE3C27F43A27}.Release|Any CPU.Build.0 = Release|Any CPU
		{B3D0A606-AF4D-45AB-954C-2BC19C1EE214}.Debug|Any CPU.ActiveCfg = Debug|Any CPU
		{B3D0A606-AF4D-45AB-954C-2BC19C1EE214}.Debug|Any CPU.Build.0 = Debug|Any CPU
		{B3D0A606-AF4D-45AB-954C-2BC19C1EE214}.Release|Any CPU.ActiveCfg = Release|Any CPU
		{B3D0A606-AF4D-45AB-954C-2BC19C1EE214}.Release|Any CPU.Build.0 = Release|Any CPU
		{303DE336-2EF4-4494-91D7-466BA020B2C0}.Debug|Any CPU.ActiveCfg = Debug|Any CPU
		{303DE336-2EF4-4494-91D7-466BA020B2C0}.Debug|Any CPU.Build.0 = Debug|Any CPU
		{303DE336-2EF4-4494-91D7-466BA020B2C0}.Release|Any CPU.ActiveCfg = Release|Any CPU
		{303DE336-2EF4-4494-91D7-466BA020B2C0}.Release|Any CPU.Build.0 = Release|Any CPU
		{C366AC17-8AA7-4409-8F35-6E143221D9BC}.Debug|Any CPU.ActiveCfg = Debug|Any CPU
		{C366AC17-8AA7-4409-8F35-6E143221D9BC}.Debug|Any CPU.Build.0 = Debug|Any CPU
		{C366AC17-8AA7-4409-8F35-6E143221D9BC}.Release|Any CPU.ActiveCfg = Release|Any CPU
		{C366AC17-8AA7-4409-8F35-6E143221D9BC}.Release|Any CPU.Build.0 = Release|Any CPU
		{4B3E6AC6-B1CB-4F2C-91BC-C363D0828C80}.Debug|Any CPU.ActiveCfg = Debug|Any CPU
		{4B3E6AC6-B1CB-4F2C-91BC-C363D0828C80}.Debug|Any CPU.Build.0 = Debug|Any CPU
		{4B3E6AC6-B1CB-4F2C-91BC-C363D0828C80}.Release|Any CPU.ActiveCfg = Release|Any CPU
		{4B3E6AC6-B1CB-4F2C-91BC-C363D0828C80}.Release|Any CPU.Build.0 = Release|Any CPU
		{04BCB472-1EBC-45E8-9A03-ECEB6ECE7620}.Debug|Any CPU.ActiveCfg = Debug|Any CPU
		{04BCB472-1EBC-45E8-9A03-ECEB6ECE7620}.Debug|Any CPU.Build.0 = Debug|Any CPU
		{04BCB472-1EBC-45E8-9A03-ECEB6ECE7620}.Release|Any CPU.ActiveCfg = Release|Any CPU
		{04BCB472-1EBC-45E8-9A03-ECEB6ECE7620}.Release|Any CPU.Build.0 = Release|Any CPU
		{495F843A-7044-4ABF-A597-8D8F75DBB2D3}.Debug|Any CPU.ActiveCfg = Debug|Any CPU
		{495F843A-7044-4ABF-A597-8D8F75DBB2D3}.Debug|Any CPU.Build.0 = Debug|Any CPU
		{495F843A-7044-4ABF-A597-8D8F75DBB2D3}.Release|Any CPU.ActiveCfg = Release|Any CPU
		{495F843A-7044-4ABF-A597-8D8F75DBB2D3}.Release|Any CPU.Build.0 = Release|Any CPU
		{39CCD345-0BA1-4501-84A1-D4078638A393}.Debug|Any CPU.ActiveCfg = Debug|Any CPU
		{39CCD345-0BA1-4501-84A1-D4078638A393}.Debug|Any CPU.Build.0 = Debug|Any CPU
		{39CCD345-0BA1-4501-84A1-D4078638A393}.Release|Any CPU.ActiveCfg = Release|Any CPU
		{39CCD345-0BA1-4501-84A1-D4078638A393}.Release|Any CPU.Build.0 = Release|Any CPU
		{B8740A1E-F110-41CD-A778-A5405D3860FA}.Debug|Any CPU.ActiveCfg = Debug|Any CPU
		{B8740A1E-F110-41CD-A778-A5405D3860FA}.Debug|Any CPU.Build.0 = Debug|Any CPU
		{B8740A1E-F110-41CD-A778-A5405D3860FA}.Release|Any CPU.ActiveCfg = Release|Any CPU
		{B8740A1E-F110-41CD-A778-A5405D3860FA}.Release|Any CPU.Build.0 = Release|Any CPU
		{288F9871-AA68-4688-9A61-A480726C699D}.Debug|Any CPU.ActiveCfg = Debug|Any CPU
		{288F9871-AA68-4688-9A61-A480726C699D}.Debug|Any CPU.Build.0 = Debug|Any CPU
		{288F9871-AA68-4688-9A61-A480726C699D}.Release|Any CPU.ActiveCfg = Release|Any CPU
		{288F9871-AA68-4688-9A61-A480726C699D}.Release|Any CPU.Build.0 = Release|Any CPU
	EndGlobalSection
	GlobalSection(SolutionProperties) = preSolution
		HideSolutionNode = FALSE
	EndGlobalSection
	GlobalSection(NestedProjects) = preSolution
		{D87E3BFC-C363-4DA4-A5E5-AE3C27F43A27} = {DF535034-91FA-4E51-B94D-F50EABBF3E2D}
		{B3D0A606-AF4D-45AB-954C-2BC19C1EE214} = {DF535034-91FA-4E51-B94D-F50EABBF3E2D}
		{303DE336-2EF4-4494-91D7-466BA020B2C0} = {DF535034-91FA-4E51-B94D-F50EABBF3E2D}
		{C366AC17-8AA7-4409-8F35-6E143221D9BC} = {DF535034-91FA-4E51-B94D-F50EABBF3E2D}
		{4B3E6AC6-B1CB-4F2C-91BC-C363D0828C80} = {DF535034-91FA-4E51-B94D-F50EABBF3E2D}
		{04BCB472-1EBC-45E8-9A03-ECEB6ECE7620} = {DF535034-91FA-4E51-B94D-F50EABBF3E2D}
		{495F843A-7044-4ABF-A597-8D8F75DBB2D3} = {DF535034-91FA-4E51-B94D-F50EABBF3E2D}
		{39CCD345-0BA1-4501-84A1-D4078638A393} = {DF535034-91FA-4E51-B94D-F50EABBF3E2D}
		{B8740A1E-F110-41CD-A778-A5405D3860FA} = {DF535034-91FA-4E51-B94D-F50EABBF3E2D}
		{288F9871-AA68-4688-9A61-A480726C699D} = {DF535034-91FA-4E51-B94D-F50EABBF3E2D}
	EndGlobalSection
EndGlobal
